
Microsoft Visual Studio Solution File, Format Version 12.00
# Visual Studio Version 17
VisualStudioVersion = 17.8.34330.188
MinimumVisualStudioVersion = 10.0.40219.1
Project("{9A19103F-16F7-4668-BE54-9A1E7A4F7556}") = "WinsorApps.Services.Global", "WinsorApps.Services.Global\WinsorApps.Services.Global.csproj", "{EDB630D7-1A79-4517-933C-91207AF8AEF3}"
EndProject
Project("{2150E333-8FDC-42A3-9474-1A3956D46DE8}") = "Services", "Services", "{0199C9DF-CE60-4C52-B67D-8B9DA716AB1B}"
EndProject
Project("{2150E333-8FDC-42A3-9474-1A3956D46DE8}") = "UnitTests", "UnitTests", "{EE09C7F7-7587-4CC2-AD3B-BEA9BDA8AB8E}"
EndProject
Project("{9A19103F-16F7-4668-BE54-9A1E7A4F7556}") = "Testing in Console", "Testing in Console\Testing in Console.csproj", "{2746AC63-F224-49CF-A3A9-4646331E815E}"
EndProject
Project("{2150E333-8FDC-42A3-9474-1A3956D46DE8}") = "MAUI", "MAUI", "{38BB539C-C33B-48B4-8876-A714EB362F16}"
EndProject
Project("{9A19103F-16F7-4668-BE54-9A1E7A4F7556}") = "WinsorApps.MAUI.Shared", "WinsorApps.MAUI.Shared\WinsorApps.MAUI.Shared.csproj", "{1697E4AD-A31C-4414-97DE-4A1FF9E5BE56}"
EndProject
Project("{9A19103F-16F7-4668-BE54-9A1E7A4F7556}") = "WinsorApps.MAUI.Example", "WinsorApps.MAUI.Example\WinsorApps.MAUI.Example.csproj", "{29866B2A-810A-4841-829C-61BF41DCC5C0}"
EndProject
Project("{9A19103F-16F7-4668-BE54-9A1E7A4F7556}") = "WinsorApps.Services.Bookstore", "WinsorApps.Services.Bookstore\WinsorApps.Services.Bookstore.csproj", "{5C0F76CA-8B2A-41A7-986D-7EAF4F5EC588}"
EndProject
Project("{9A19103F-16F7-4668-BE54-9A1E7A4F7556}") = "WinsorApps.Services.AssessmentCalendar", "WinsorApps.Services.AssessmentCalendar\WinsorApps.Services.AssessmentCalendar.csproj", "{07A6152F-1751-42ED-8D9D-B22968A9EB63}"
EndProject
Project("{2150E333-8FDC-42A3-9474-1A3956D46DE8}") = "MauiApps", "MauiApps", "{FC3004BF-B329-4BCE-BDE9-ED055008E277}"
EndProject
Project("{2150E333-8FDC-42A3-9474-1A3956D46DE8}") = "SharedControls", "SharedControls", "{F1AE28A1-24F3-435A-80FB-66D3688D054B}"
EndProject
Project("{9A19103F-16F7-4668-BE54-9A1E7A4F7556}") = "WinsorApps.MAUI.Shared.Bookstore", "WinsorApps.MAUI.Shared.Bookstore\WinsorApps.MAUI.Shared.Bookstore.csproj", "{99BEEE19-A8DB-4D4D-8600-69733638568E}"
EndProject
Project("{9A19103F-16F7-4668-BE54-9A1E7A4F7556}") = "WinsorApps.Services.Helpdesk", "WinsorApps.Services.Helpdesk\WinsorApps.Services.Helpdesk.csproj", "{941D1135-1D3F-4F13-B39F-00309C4CA13F}"
EndProject
Project("{9A19103F-16F7-4668-BE54-9A1E7A4F7556}") = "WinsorApps.MAUI.Helpdesk", "WinsorApps.MAUI.Helpdesk\WinsorApps.MAUI.Helpdesk.csproj", "{6F194F95-C90A-47BE-BC23-52018FD7A796}"
EndProject
Project("{2150E333-8FDC-42A3-9474-1A3956D46DE8}") = "Solution Items", "Solution Items", "{5485880D-9DB6-4A39-975A-BB714296B059}"
	ProjectSection(SolutionItems) = preProject
		.editorconfig = .editorconfig
	EndProjectSection
EndProject
Project("{9A19103F-16F7-4668-BE54-9A1E7A4F7556}") = "WinsorApps.Services.EventForms", "WinsorApps.Services.EventForms\WinsorApps.Services.EventForms.csproj", "{6F200F76-7DDB-4F46-9EB2-2E41610D3AF8}"
EndProject
Project("{9A19103F-16F7-4668-BE54-9A1E7A4F7556}") = "WinsorApps.MAUI.Shared.EventForms", "WinsorApps.MAUI.Shared.EventForms\WinsorApps.MAUI.Shared.EventForms.csproj", "{667D1E6F-4B01-45A6-BCF6-D1AD12EAB7B0}"
EndProject
Project("{9A19103F-16F7-4668-BE54-9A1E7A4F7556}") = "WinsorApps.MAUI.BookstoreManager", "WinsorApps.MAUI.BookstoreManager\WinsorApps.MAUI.BookstoreManager.csproj", "{F2DBA524-B2DE-4961-9992-55F41E61AE3F}"
EndProject
Project("{FAE04EC0-301F-11D3-BF4B-00C04F79EFBC}") = "WinsorApps.MAUI.CDRE", "WinsorApps.MAUI.CDRE\WinsorApps.MAUI.CDRE.csproj", "{B8622A63-7B2A-4945-8CA7-3C50C5129F18}"
EndProject
Global
	GlobalSection(SolutionConfigurationPlatforms) = preSolution
		Debug|Any CPU = Debug|Any CPU
		Release|Any CPU = Release|Any CPU
	EndGlobalSection
	GlobalSection(ProjectConfigurationPlatforms) = postSolution
		{EDB630D7-1A79-4517-933C-91207AF8AEF3}.Debug|Any CPU.ActiveCfg = Debug|Any CPU
		{EDB630D7-1A79-4517-933C-91207AF8AEF3}.Debug|Any CPU.Build.0 = Debug|Any CPU
		{EDB630D7-1A79-4517-933C-91207AF8AEF3}.Release|Any CPU.ActiveCfg = Release|Any CPU
		{EDB630D7-1A79-4517-933C-91207AF8AEF3}.Release|Any CPU.Build.0 = Release|Any CPU
		{2746AC63-F224-49CF-A3A9-4646331E815E}.Debug|Any CPU.ActiveCfg = Debug|Any CPU
		{2746AC63-F224-49CF-A3A9-4646331E815E}.Debug|Any CPU.Build.0 = Debug|Any CPU
		{2746AC63-F224-49CF-A3A9-4646331E815E}.Release|Any CPU.ActiveCfg = Release|Any CPU
		{2746AC63-F224-49CF-A3A9-4646331E815E}.Release|Any CPU.Build.0 = Release|Any CPU
		{1697E4AD-A31C-4414-97DE-4A1FF9E5BE56}.Debug|Any CPU.ActiveCfg = Debug|Any CPU
		{1697E4AD-A31C-4414-97DE-4A1FF9E5BE56}.Debug|Any CPU.Build.0 = Debug|Any CPU
		{1697E4AD-A31C-4414-97DE-4A1FF9E5BE56}.Release|Any CPU.ActiveCfg = Release|Any CPU
		{1697E4AD-A31C-4414-97DE-4A1FF9E5BE56}.Release|Any CPU.Build.0 = Release|Any CPU
		{29866B2A-810A-4841-829C-61BF41DCC5C0}.Debug|Any CPU.ActiveCfg = Debug|Any CPU
		{29866B2A-810A-4841-829C-61BF41DCC5C0}.Debug|Any CPU.Build.0 = Debug|Any CPU
		{29866B2A-810A-4841-829C-61BF41DCC5C0}.Debug|Any CPU.Deploy.0 = Debug|Any CPU
		{29866B2A-810A-4841-829C-61BF41DCC5C0}.Release|Any CPU.ActiveCfg = Release|Any CPU
		{29866B2A-810A-4841-829C-61BF41DCC5C0}.Release|Any CPU.Build.0 = Release|Any CPU
		{29866B2A-810A-4841-829C-61BF41DCC5C0}.Release|Any CPU.Deploy.0 = Release|Any CPU
		{5C0F76CA-8B2A-41A7-986D-7EAF4F5EC588}.Debug|Any CPU.ActiveCfg = Debug|Any CPU
		{5C0F76CA-8B2A-41A7-986D-7EAF4F5EC588}.Debug|Any CPU.Build.0 = Debug|Any CPU
		{5C0F76CA-8B2A-41A7-986D-7EAF4F5EC588}.Release|Any CPU.ActiveCfg = Release|Any CPU
		{5C0F76CA-8B2A-41A7-986D-7EAF4F5EC588}.Release|Any CPU.Build.0 = Release|Any CPU
		{07A6152F-1751-42ED-8D9D-B22968A9EB63}.Debug|Any CPU.ActiveCfg = Debug|Any CPU
		{07A6152F-1751-42ED-8D9D-B22968A9EB63}.Debug|Any CPU.Build.0 = Debug|Any CPU
		{07A6152F-1751-42ED-8D9D-B22968A9EB63}.Release|Any CPU.ActiveCfg = Release|Any CPU
		{07A6152F-1751-42ED-8D9D-B22968A9EB63}.Release|Any CPU.Build.0 = Release|Any CPU
		{99BEEE19-A8DB-4D4D-8600-69733638568E}.Debug|Any CPU.ActiveCfg = Debug|Any CPU
		{99BEEE19-A8DB-4D4D-8600-69733638568E}.Debug|Any CPU.Build.0 = Debug|Any CPU
		{99BEEE19-A8DB-4D4D-8600-69733638568E}.Release|Any CPU.ActiveCfg = Release|Any CPU
		{99BEEE19-A8DB-4D4D-8600-69733638568E}.Release|Any CPU.Build.0 = Release|Any CPU
		{941D1135-1D3F-4F13-B39F-00309C4CA13F}.Debug|Any CPU.ActiveCfg = Debug|Any CPU
		{941D1135-1D3F-4F13-B39F-00309C4CA13F}.Debug|Any CPU.Build.0 = Debug|Any CPU
		{941D1135-1D3F-4F13-B39F-00309C4CA13F}.Release|Any CPU.ActiveCfg = Release|Any CPU
		{941D1135-1D3F-4F13-B39F-00309C4CA13F}.Release|Any CPU.Build.0 = Release|Any CPU
		{6F194F95-C90A-47BE-BC23-52018FD7A796}.Debug|Any CPU.ActiveCfg = Debug|Any CPU
		{6F194F95-C90A-47BE-BC23-52018FD7A796}.Debug|Any CPU.Build.0 = Debug|Any CPU
		{6F194F95-C90A-47BE-BC23-52018FD7A796}.Debug|Any CPU.Deploy.0 = Debug|Any CPU
		{6F194F95-C90A-47BE-BC23-52018FD7A796}.Release|Any CPU.ActiveCfg = Release|Any CPU
		{6F194F95-C90A-47BE-BC23-52018FD7A796}.Release|Any CPU.Build.0 = Release|Any CPU
		{6F194F95-C90A-47BE-BC23-52018FD7A796}.Release|Any CPU.Deploy.0 = Release|Any CPU
		{6F200F76-7DDB-4F46-9EB2-2E41610D3AF8}.Debug|Any CPU.ActiveCfg = Debug|Any CPU
		{6F200F76-7DDB-4F46-9EB2-2E41610D3AF8}.Debug|Any CPU.Build.0 = Debug|Any CPU
		{6F200F76-7DDB-4F46-9EB2-2E41610D3AF8}.Release|Any CPU.ActiveCfg = Release|Any CPU
		{6F200F76-7DDB-4F46-9EB2-2E41610D3AF8}.Release|Any CPU.Build.0 = Release|Any CPU
		{667D1E6F-4B01-45A6-BCF6-D1AD12EAB7B0}.Debug|Any CPU.ActiveCfg = Debug|Any CPU
		{667D1E6F-4B01-45A6-BCF6-D1AD12EAB7B0}.Debug|Any CPU.Build.0 = Debug|Any CPU
		{667D1E6F-4B01-45A6-BCF6-D1AD12EAB7B0}.Release|Any CPU.ActiveCfg = Release|Any CPU
		{667D1E6F-4B01-45A6-BCF6-D1AD12EAB7B0}.Release|Any CPU.Build.0 = Release|Any CPU
		{F2DBA524-B2DE-4961-9992-55F41E61AE3F}.Debug|Any CPU.ActiveCfg = Debug|Any CPU
		{F2DBA524-B2DE-4961-9992-55F41E61AE3F}.Debug|Any CPU.Build.0 = Debug|Any CPU
		{F2DBA524-B2DE-4961-9992-55F41E61AE3F}.Debug|Any CPU.Deploy.0 = Debug|Any CPU
		{F2DBA524-B2DE-4961-9992-55F41E61AE3F}.Release|Any CPU.ActiveCfg = Release|Any CPU
		{F2DBA524-B2DE-4961-9992-55F41E61AE3F}.Release|Any CPU.Build.0 = Release|Any CPU
		{F2DBA524-B2DE-4961-9992-55F41E61AE3F}.Release|Any CPU.Deploy.0 = Release|Any CPU
		{B8622A63-7B2A-4945-8CA7-3C50C5129F18}.Debug|Any CPU.ActiveCfg = Debug|Any CPU
		{B8622A63-7B2A-4945-8CA7-3C50C5129F18}.Debug|Any CPU.Build.0 = Debug|Any CPU
		{B8622A63-7B2A-4945-8CA7-3C50C5129F18}.Debug|Any CPU.Deploy.0 = Debug|Any CPU
		{B8622A63-7B2A-4945-8CA7-3C50C5129F18}.Release|Any CPU.ActiveCfg = Release|Any CPU
		{B8622A63-7B2A-4945-8CA7-3C50C5129F18}.Release|Any CPU.Build.0 = Release|Any CPU
		{B8622A63-7B2A-4945-8CA7-3C50C5129F18}.Release|Any CPU.Deploy.0 = Release|Any CPU
	EndGlobalSection
	GlobalSection(SolutionProperties) = preSolution
		HideSolutionNode = FALSE
	EndGlobalSection
	GlobalSection(NestedProjects) = preSolution
		{EDB630D7-1A79-4517-933C-91207AF8AEF3} = {0199C9DF-CE60-4C52-B67D-8B9DA716AB1B}
		{2746AC63-F224-49CF-A3A9-4646331E815E} = {EE09C7F7-7587-4CC2-AD3B-BEA9BDA8AB8E}
		{1697E4AD-A31C-4414-97DE-4A1FF9E5BE56} = {F1AE28A1-24F3-435A-80FB-66D3688D054B}
		{29866B2A-810A-4841-829C-61BF41DCC5C0} = {FC3004BF-B329-4BCE-BDE9-ED055008E277}
		{5C0F76CA-8B2A-41A7-986D-7EAF4F5EC588} = {0199C9DF-CE60-4C52-B67D-8B9DA716AB1B}
		{07A6152F-1751-42ED-8D9D-B22968A9EB63} = {0199C9DF-CE60-4C52-B67D-8B9DA716AB1B}
		{FC3004BF-B329-4BCE-BDE9-ED055008E277} = {38BB539C-C33B-48B4-8876-A714EB362F16}
		{F1AE28A1-24F3-435A-80FB-66D3688D054B} = {38BB539C-C33B-48B4-8876-A714EB362F16}
		{99BEEE19-A8DB-4D4D-8600-69733638568E} = {F1AE28A1-24F3-435A-80FB-66D3688D054B}
		{941D1135-1D3F-4F13-B39F-00309C4CA13F} = {0199C9DF-CE60-4C52-B67D-8B9DA716AB1B}
		{6F194F95-C90A-47BE-BC23-52018FD7A796} = {FC3004BF-B329-4BCE-BDE9-ED055008E277}
		{6F200F76-7DDB-4F46-9EB2-2E41610D3AF8} = {0199C9DF-CE60-4C52-B67D-8B9DA716AB1B}
		{667D1E6F-4B01-45A6-BCF6-D1AD12EAB7B0} = {F1AE28A1-24F3-435A-80FB-66D3688D054B}
		{F2DBA524-B2DE-4961-9992-55F41E61AE3F} = {FC3004BF-B329-4BCE-BDE9-ED055008E277}
		{B8622A63-7B2A-4945-8CA7-3C50C5129F18} = {FC3004BF-B329-4BCE-BDE9-ED055008E277}
	EndGlobalSection
	GlobalSection(ExtensibilityGlobals) = postSolution
		SolutionGuid = {93BB8C21-5802-4E69-B338-B7EA30A80BFD}
	EndGlobalSection
EndGlobal
